
Microsoft Visual Studio Solution File, Format Version 12.00
# Visual Studio Version 16
VisualStudioVersion = 16.0.32510.428
MinimumVisualStudioVersion = 10.0.40219.1
Project("{FAE04EC0-301F-11D3-BF4B-00C04F79EFBC}") = "C Presentacion", "..\C Presentacion\C Presentacion.csproj", "{431E61AA-1816-4873-BC44-77D50A3E4666}"
EndProject
Global
	GlobalSection(SolutionConfigurationPlatforms) = preSolution
		Debug|Any CPU = Debug|Any CPU
		Release|Any CPU = Release|Any CPU
	EndGlobalSection
	GlobalSection(ProjectConfigurationPlatforms) = postSolution
		{431E61AA-1816-4873-BC44-77D50A3E4666}.Debug|Any CPU.ActiveCfg = Debug|Any CPU
		{431E61AA-1816-4873-BC44-77D50A3E4666}.Debug|Any CPU.Build.0 = Debug|Any CPU
		{431E61AA-1816-4873-BC44-77D50A3E4666}.Release|Any CPU.ActiveCfg = Release|Any CPU
		{431E61AA-1816-4873-BC44-77D50A3E4666}.Release|Any CPU.Build.0 = Release|Any CPU
	EndGlobalSection
	GlobalSection(SolutionProperties) = preSolution
		HideSolutionNode = FALSE
	EndGlobalSection
	GlobalSection(ExtensibilityGlobals) = postSolution
		SolutionGuid = {16D8D4A4-C9D4-4355-8B97-106A16A1DFB7}
	EndGlobalSection
EndGlobal
